
Microsoft Visual Studio Solution File, Format Version 12.00
# Visual Studio Version 16
VisualStudioVersion = 16.0.29709.97
MinimumVisualStudioVersion = 10.0.40219.1
Project("{FAE04EC0-301F-11D3-BF4B-00C04F79EFBC}") = "Projctl", "Projctl\Projctl.csproj", "{2AED476D-E6C2-48A8-9918-8058C2C39F96}"
EndProject
Global
	GlobalSection(SolutionConfigurationPlatforms) = preSolution
		Debug|Any CPU = Debug|Any CPU
		Release|Any CPU = Release|Any CPU
	EndGlobalSection
	GlobalSection(ProjectConfigurationPlatforms) = postSolution
		{2AED476D-E6C2-48A8-9918-8058C2C39F96}.Debug|Any CPU.ActiveCfg = Debug|Any CPU
		{2AED476D-E6C2-48A8-9918-8058C2C39F96}.Debug|Any CPU.Build.0 = Debug|Any CPU
		{2AED476D-E6C2-48A8-9918-8058C2C39F96}.Release|Any CPU.ActiveCfg = Release|Any CPU
		{2AED476D-E6C2-48A8-9918-8058C2C39F96}.Release|Any CPU.Build.0 = Release|Any CPU
	EndGlobalSection
	GlobalSection(SolutionProperties) = preSolution
		HideSolutionNode = FALSE
	EndGlobalSection
	GlobalSection(ExtensibilityGlobals) = postSolution
		SolutionGuid = {0390E522-2007-478F-8CE7-5FAD1C051BA0}
	EndGlobalSection
EndGlobal
