
Microsoft Visual Studio Solution File, Format Version 12.00
# Visual Studio Version 16
VisualStudioVersion = 16.0.29709.97
MinimumVisualStudioVersion = 10.0.40219.1
Project("{9A19103F-16F7-4668-BE54-9A1E7A4F7556}") = "Projctl", "Projctl\Projctl.csproj", "{2AED476D-E6C2-48A8-9918-8058C2C39F96}"
EndProject
Project("{9A19103F-16F7-4668-BE54-9A1E7A4F7556}") = "Projctl.Core", "Projctl.Core\Projctl.Core.csproj", "{F09F549A-6BF3-45F1-A4A6-AA40CB73EDAB}"
EndProject
Project("{9A19103F-16F7-4668-BE54-9A1E7A4F7556}") = "Projctl.Test", "Projctl.Test\Projctl.Test.csproj", "{6C745538-8EA0-4A84-86DE-9AC3E8086867}"
EndProject
Global
	GlobalSection(SolutionConfigurationPlatforms) = preSolution
		Debug|Any CPU = Debug|Any CPU
		Release|Any CPU = Release|Any CPU
	EndGlobalSection
	GlobalSection(ProjectConfigurationPlatforms) = postSolution
		{2AED476D-E6C2-48A8-9918-8058C2C39F96}.Debug|Any CPU.ActiveCfg = Debug|Any CPU
		{2AED476D-E6C2-48A8-9918-8058C2C39F96}.Debug|Any CPU.Build.0 = Debug|Any CPU
		{2AED476D-E6C2-48A8-9918-8058C2C39F96}.Release|Any CPU.ActiveCfg = Release|Any CPU
		{2AED476D-E6C2-48A8-9918-8058C2C39F96}.Release|Any CPU.Build.0 = Release|Any CPU
		{F09F549A-6BF3-45F1-A4A6-AA40CB73EDAB}.Debug|Any CPU.ActiveCfg = Debug|Any CPU
		{F09F549A-6BF3-45F1-A4A6-AA40CB73EDAB}.Debug|Any CPU.Build.0 = Debug|Any CPU
		{F09F549A-6BF3-45F1-A4A6-AA40CB73EDAB}.Release|Any CPU.ActiveCfg = Release|Any CPU
		{F09F549A-6BF3-45F1-A4A6-AA40CB73EDAB}.Release|Any CPU.Build.0 = Release|Any CPU
		{6C745538-8EA0-4A84-86DE-9AC3E8086867}.Debug|Any CPU.ActiveCfg = Debug|Any CPU
		{6C745538-8EA0-4A84-86DE-9AC3E8086867}.Debug|Any CPU.Build.0 = Debug|Any CPU
		{6C745538-8EA0-4A84-86DE-9AC3E8086867}.Release|Any CPU.ActiveCfg = Release|Any CPU
		{6C745538-8EA0-4A84-86DE-9AC3E8086867}.Release|Any CPU.Build.0 = Release|Any CPU
	EndGlobalSection
	GlobalSection(SolutionProperties) = preSolution
		HideSolutionNode = FALSE
	EndGlobalSection
	GlobalSection(ExtensibilityGlobals) = postSolution
		SolutionGuid = {0390E522-2007-478F-8CE7-5FAD1C051BA0}
	EndGlobalSection
EndGlobal
