
Microsoft Visual Studio Solution File, Format Version 12.00
# Visual Studio Version 16
VisualStudioVersion = 16.0.29709.97
MinimumVisualStudioVersion = 10.0.40219.1
Project("{FAE04EC0-301F-11D3-BF4B-00C04F79EFBC}") = "TestProjectA", "TestProjectA\TestProjectA.csproj", "{75313177-EF07-4F12-BC0C-A8E6D6D11CF1}"
EndProject
Global
	GlobalSection(SolutionConfigurationPlatforms) = preSolution
		Debug|Any CPU = Debug|Any CPU
		Release|Any CPU = Release|Any CPU
	EndGlobalSection
	GlobalSection(ProjectConfigurationPlatforms) = postSolution
		{75313177-EF07-4F12-BC0C-A8E6D6D11CF1}.Debug|Any CPU.ActiveCfg = Debug|Any CPU
		{75313177-EF07-4F12-BC0C-A8E6D6D11CF1}.Debug|Any CPU.Build.0 = Debug|Any CPU
		{75313177-EF07-4F12-BC0C-A8E6D6D11CF1}.Release|Any CPU.ActiveCfg = Release|Any CPU
		{75313177-EF07-4F12-BC0C-A8E6D6D11CF1}.Release|Any CPU.Build.0 = Release|Any CPU
	EndGlobalSection
	GlobalSection(SolutionProperties) = preSolution
		HideSolutionNode = FALSE
	EndGlobalSection
	GlobalSection(ExtensibilityGlobals) = postSolution
		SolutionGuid = {68A0AD1A-F454-4D73-87D6-60DD5720BF7B}
	EndGlobalSection
EndGlobal
